
Microsoft Visual Studio Solution File, Format Version 12.00
# Visual Studio Version 17
VisualStudioVersion = 17.0.31903.59
MinimumVisualStudioVersion = 10.0.40219.1
Project("{FAE04EC0-301F-11D3-BF4B-00C04F79EFBC}") = "WalhallaSql", "WalhallaSql\WalhallaSql.csproj", "{146CBE5B-3084-4342-9F50-3D095F0B4A8D}"
EndProject
Project("{FAE04EC0-301F-11D3-BF4B-00C04F79EFBC}") = "WalhallaSql.AdoNet", "WalhallaSql.AdoNet\WalhallaSql.AdoNet.csproj", "{E496125A-5054-478A-B3DE-A5277AF57962}"
EndProject
Project("{FAE04EC0-301F-11D3-BF4B-00C04F79EFBC}") = "WalhallaSql.EfCore", "WalhallaSql.EfCore\WalhallaSql.EfCore.csproj", "{5F88DAA2-EBE6-4061-999D-33D91AE6DEB6}"
EndProject
Project("{FAE04EC0-301F-11D3-BF4B-00C04F79EFBC}") = "WalhallaSql.PgWire.Abstractions", "WalhallaSql.PgWire.Abstractions\WalhallaSql.PgWire.Abstractions.csproj", "{B12AEA18-35D3-4340-AA62-FDB218F079D6}"
EndProject
Project("{FAE04EC0-301F-11D3-BF4B-00C04F79EFBC}") = "WalhallaSql.PgWire", "WalhallaSql.PgWire\WalhallaSql.PgWire.csproj", "{B4652DB2-7C35-44A0-A634-FCED3E1F813B}"
EndProject
Project("{FAE04EC0-301F-11D3-BF4B-00C04F79EFBC}") = "WalhallaSql.PgWire.Host", "WalhallaSql.PgWire.Host\WalhallaSql.PgWire.Host.csproj", "{D8BCFC18-B1C0-4F17-8972-2804D727A19F}"
EndProject
Project("{FAE04EC0-301F-11D3-BF4B-00C04F79EFBC}") = "WalhallaSql.Cli", "WalhallaSql.Cli\WalhallaSql.Cli.csproj", "{BDE154E6-0C5B-44AA-8DEA-D85DA2E60878}"
EndProject
Project("{FAE04EC0-301F-11D3-BF4B-00C04F79EFBC}") = "WalhallaSql.Tests", "WalhallaSql.Tests\WalhallaSql.Tests.csproj", "{161EFD65-408F-4910-A54B-B98C435CE834}"
EndProject
Project("{FAE04EC0-301F-11D3-BF4B-00C04F79EFBC}") = "WalhallaSql.PgWire.Tests", "WalhallaSql.PgWire.Tests\WalhallaSql.PgWire.Tests.csproj", "{16DCF5FB-AC50-4D63-946A-D548FA7DA109}"
EndProject
Project("{FAE04EC0-301F-11D3-BF4B-00C04F79EFBC}") = "WalhallaSql.CrashTests", "WalhallaSql.CrashTests\WalhallaSql.CrashTests.csproj", "{65265166-C155-4B0E-8038-9E02DDE4368D}"
EndProject
Project("{FAE04EC0-301F-11D3-BF4B-00C04F79EFBC}") = "WalhallaSql.CrashWorker", "WalhallaSql.CrashWorker\WalhallaSql.CrashWorker.csproj", "{E75D4AF6-2D34-4A08-AD51-E524035FC334}"
EndProject
Project("{FAE04EC0-301F-11D3-BF4B-00C04F79EFBC}") = "WalhallaSql.AdoNet.Sample", "WalhallaSql.AdoNet.Sample\WalhallaSql.AdoNet.Sample.csproj", "{91864595-7819-4BCA-8AA9-3AAFDD8CC0A0}"
EndProject
Project("{FAE04EC0-301F-11D3-BF4B-00C04F79EFBC}") = "WalhallaSql.EfCore.Sample", "WalhallaSql.EfCore.Sample\WalhallaSql.EfCore.Sample.csproj", "{96D90680-E4D8-4518-A4CF-BB448738AED5}"
EndProject
Project("{FAE04EC0-301F-11D3-BF4B-00C04F79EFBC}") = "WalhallaSql.AspNetCore.Sample", "WalhallaSql.AspNetCore.Sample\WalhallaSql.AspNetCore.Sample.csproj", "{A8C203AE-9DC3-4E99-A64E-11EA1F7BD71B}"
EndProject
Project("{FAE04EC0-301F-11D3-BF4B-00C04F79EFBC}") = "WalhallaSql.Benchmarks", "WalhallaSql.Benchmarks\WalhallaSql.Benchmarks.csproj", "{5004FC25-3C48-45ED-A3AB-279B6B0C4955}"
EndProject
Project("{FAE04EC0-301F-11D3-BF4B-00C04F79EFBC}") = "WalhallaSql.Dapper.Tests", "WalhallaSql.Dapper.Tests\WalhallaSql.Dapper.Tests.csproj", "{2640D718-CC3B-4B67-B2A0-1F5EE6F82813}"
EndProject
Global
	GlobalSection(SolutionConfigurationPlatforms) = preSolution
		Debug|Any CPU = Debug|Any CPU
		Debug|x64 = Debug|x64
		Debug|x86 = Debug|x86
		Release|Any CPU = Release|Any CPU
		Release|x64 = Release|x64
		Release|x86 = Release|x86
	EndGlobalSection
	GlobalSection(ProjectConfigurationPlatforms) = postSolution
		{146CBE5B-3084-4342-9F50-3D095F0B4A8D}.Debug|Any CPU.ActiveCfg = Debug|Any CPU
		{146CBE5B-3084-4342-9F50-3D095F0B4A8D}.Debug|Any CPU.Build.0 = Debug|Any CPU
		{146CBE5B-3084-4342-9F50-3D095F0B4A8D}.Debug|x64.ActiveCfg = Debug|Any CPU
		{146CBE5B-3084-4342-9F50-3D095F0B4A8D}.Debug|x64.Build.0 = Debug|Any CPU
		{146CBE5B-3084-4342-9F50-3D095F0B4A8D}.Debug|x86.ActiveCfg = Debug|Any CPU
		{146CBE5B-3084-4342-9F50-3D095F0B4A8D}.Debug|x86.Build.0 = Debug|Any CPU
		{146CBE5B-3084-4342-9F50-3D095F0B4A8D}.Release|Any CPU.ActiveCfg = Release|Any CPU
		{146CBE5B-3084-4342-9F50-3D095F0B4A8D}.Release|Any CPU.Build.0 = Release|Any CPU
		{146CBE5B-3084-4342-9F50-3D095F0B4A8D}.Release|x64.ActiveCfg = Release|Any CPU
		{146CBE5B-3084-4342-9F50-3D095F0B4A8D}.Release|x64.Build.0 = Release|Any CPU
		{146CBE5B-3084-4342-9F50-3D095F0B4A8D}.Release|x86.ActiveCfg = Release|Any CPU
		{146CBE5B-3084-4342-9F50-3D095F0B4A8D}.Release|x86.Build.0 = Release|Any CPU
		{E496125A-5054-478A-B3DE-A5277AF57962}.Debug|Any CPU.ActiveCfg = Debug|Any CPU
		{E496125A-5054-478A-B3DE-A5277AF57962}.Debug|Any CPU.Build.0 = Debug|Any CPU
		{E496125A-5054-478A-B3DE-A5277AF57962}.Debug|x64.ActiveCfg = Debug|Any CPU
		{E496125A-5054-478A-B3DE-A5277AF57962}.Debug|x64.Build.0 = Debug|Any CPU
		{E496125A-5054-478A-B3DE-A5277AF57962}.Debug|x86.ActiveCfg = Debug|Any CPU
		{E496125A-5054-478A-B3DE-A5277AF57962}.Debug|x86.Build.0 = Debug|Any CPU
		{E496125A-5054-478A-B3DE-A5277AF57962}.Release|Any CPU.ActiveCfg = Release|Any CPU
		{E496125A-5054-478A-B3DE-A5277AF57962}.Release|Any CPU.Build.0 = Release|Any CPU
		{E496125A-5054-478A-B3DE-A5277AF57962}.Release|x64.ActiveCfg = Release|Any CPU
		{E496125A-5054-478A-B3DE-A5277AF57962}.Release|x64.Build.0 = Release|Any CPU
		{E496125A-5054-478A-B3DE-A5277AF57962}.Release|x86.ActiveCfg = Release|Any CPU
		{E496125A-5054-478A-B3DE-A5277AF57962}.Release|x86.Build.0 = Release|Any CPU
		{5F88DAA2-EBE6-4061-999D-33D91AE6DEB6}.Debug|Any CPU.ActiveCfg = Debug|Any CPU
		{5F88DAA2-EBE6-4061-999D-33D91AE6DEB6}.Debug|Any CPU.Build.0 = Debug|Any CPU
		{5F88DAA2-EBE6-4061-999D-33D91AE6DEB6}.Debug|x64.ActiveCfg = Debug|Any CPU
		{5F88DAA2-EBE6-4061-999D-33D91AE6DEB6}.Debug|x64.Build.0 = Debug|Any CPU
		{5F88DAA2-EBE6-4061-999D-33D91AE6DEB6}.Debug|x86.ActiveCfg = Debug|Any CPU
		{5F88DAA2-EBE6-4061-999D-33D91AE6DEB6}.Debug|x86.Build.0 = Debug|Any CPU
		{5F88DAA2-EBE6-4061-999D-33D91AE6DEB6}.Release|Any CPU.ActiveCfg = Release|Any CPU
		{5F88DAA2-EBE6-4061-999D-33D91AE6DEB6}.Release|Any CPU.Build.0 = Release|Any CPU
		{5F88DAA2-EBE6-4061-999D-33D91AE6DEB6}.Release|x64.ActiveCfg = Release|Any CPU
		{5F88DAA2-EBE6-4061-999D-33D91AE6DEB6}.Release|x64.Build.0 = Release|Any CPU
		{5F88DAA2-EBE6-4061-999D-33D91AE6DEB6}.Release|x86.ActiveCfg = Release|Any CPU
		{5F88DAA2-EBE6-4061-999D-33D91AE6DEB6}.Release|x86.Build.0 = Release|Any CPU
		{B12AEA18-35D3-4340-AA62-FDB218F079D6}.Debug|Any CPU.ActiveCfg = Debug|Any CPU
		{B12AEA18-35D3-4340-AA62-FDB218F079D6}.Debug|Any CPU.Build.0 = Debug|Any CPU
		{B12AEA18-35D3-4340-AA62-FDB218F079D6}.Debug|x64.ActiveCfg = Debug|Any CPU
		{B12AEA18-35D3-4340-AA62-FDB218F079D6}.Debug|x64.Build.0 = Debug|Any CPU
		{B12AEA18-35D3-4340-AA62-FDB218F079D6}.Debug|x86.ActiveCfg = Debug|Any CPU
		{B12AEA18-35D3-4340-AA62-FDB218F079D6}.Debug|x86.Build.0 = Debug|Any CPU
		{B12AEA18-35D3-4340-AA62-FDB218F079D6}.Release|Any CPU.ActiveCfg = Release|Any CPU
		{B12AEA18-35D3-4340-AA62-FDB218F079D6}.Release|Any CPU.Build.0 = Release|Any CPU
		{B12AEA18-35D3-4340-AA62-FDB218F079D6}.Release|x64.ActiveCfg = Release|Any CPU
		{B12AEA18-35D3-4340-AA62-FDB218F079D6}.Release|x64.Build.0 = Release|Any CPU
		{B12AEA18-35D3-4340-AA62-FDB218F079D6}.Release|x86.ActiveCfg = Release|Any CPU
		{B12AEA18-35D3-4340-AA62-FDB218F079D6}.Release|x86.Build.0 = Release|Any CPU
		{B4652DB2-7C35-44A0-A634-FCED3E1F813B}.Debug|Any CPU.ActiveCfg = Debug|Any CPU
		{B4652DB2-7C35-44A0-A634-FCED3E1F813B}.Debug|Any CPU.Build.0 = Debug|Any CPU
		{B4652DB2-7C35-44A0-A634-FCED3E1F813B}.Debug|x64.ActiveCfg = Debug|Any CPU
		{B4652DB2-7C35-44A0-A634-FCED3E1F813B}.Debug|x64.Build.0 = Debug|Any CPU
		{B4652DB2-7C35-44A0-A634-FCED3E1F813B}.Debug|x86.ActiveCfg = Debug|Any CPU
		{B4652DB2-7C35-44A0-A634-FCED3E1F813B}.Debug|x86.Build.0 = Debug|Any CPU
		{B4652DB2-7C35-44A0-A634-FCED3E1F813B}.Release|Any CPU.ActiveCfg = Release|Any CPU
		{B4652DB2-7C35-44A0-A634-FCED3E1F813B}.Release|Any CPU.Build.0 = Release|Any CPU
		{B4652DB2-7C35-44A0-A634-FCED3E1F813B}.Release|x64.ActiveCfg = Release|Any CPU
		{B4652DB2-7C35-44A0-A634-FCED3E1F813B}.Release|x64.Build.0 = Release|Any CPU
		{B4652DB2-7C35-44A0-A634-FCED3E1F813B}.Release|x86.ActiveCfg = Release|Any CPU
		{B4652DB2-7C35-44A0-A634-FCED3E1F813B}.Release|x86.Build.0 = Release|Any CPU
		{D8BCFC18-B1C0-4F17-8972-2804D727A19F}.Debug|Any CPU.ActiveCfg = Debug|Any CPU
		{D8BCFC18-B1C0-4F17-8972-2804D727A19F}.Debug|Any CPU.Build.0 = Debug|Any CPU
		{D8BCFC18-B1C0-4F17-8972-2804D727A19F}.Debug|x64.ActiveCfg = Debug|Any CPU
		{D8BCFC18-B1C0-4F17-8972-2804D727A19F}.Debug|x64.Build.0 = Debug|Any CPU
		{D8BCFC18-B1C0-4F17-8972-2804D727A19F}.Debug|x86.ActiveCfg = Debug|Any CPU
		{D8BCFC18-B1C0-4F17-8972-2804D727A19F}.Debug|x86.Build.0 = Debug|Any CPU
		{D8BCFC18-B1C0-4F17-8972-2804D727A19F}.Release|Any CPU.ActiveCfg = Release|Any CPU
		{D8BCFC18-B1C0-4F17-8972-2804D727A19F}.Release|Any CPU.Build.0 = Release|Any CPU
		{D8BCFC18-B1C0-4F17-8972-2804D727A19F}.Release|x64.ActiveCfg = Release|Any CPU
		{D8BCFC18-B1C0-4F17-8972-2804D727A19F}.Release|x64.Build.0 = Release|Any CPU
		{D8BCFC18-B1C0-4F17-8972-2804D727A19F}.Release|x86.ActiveCfg = Release|Any CPU
		{D8BCFC18-B1C0-4F17-8972-2804D727A19F}.Release|x86.Build.0 = Release|Any CPU
		{BDE154E6-0C5B-44AA-8DEA-D85DA2E60878}.Debug|Any CPU.ActiveCfg = Debug|Any CPU
		{BDE154E6-0C5B-44AA-8DEA-D85DA2E60878}.Debug|Any CPU.Build.0 = Debug|Any CPU
		{BDE154E6-0C5B-44AA-8DEA-D85DA2E60878}.Debug|x64.ActiveCfg = Debug|Any CPU
		{BDE154E6-0C5B-44AA-8DEA-D85DA2E60878}.Debug|x64.Build.0 = Debug|Any CPU
		{BDE154E6-0C5B-44AA-8DEA-D85DA2E60878}.Debug|x86.ActiveCfg = Debug|Any CPU
		{BDE154E6-0C5B-44AA-8DEA-D85DA2E60878}.Debug|x86.Build.0 = Debug|Any CPU
		{BDE154E6-0C5B-44AA-8DEA-D85DA2E60878}.Release|Any CPU.ActiveCfg = Release|Any CPU
		{BDE154E6-0C5B-44AA-8DEA-D85DA2E60878}.Release|Any CPU.Build.0 = Release|Any CPU
		{BDE154E6-0C5B-44AA-8DEA-D85DA2E60878}.Release|x64.ActiveCfg = Release|Any CPU
		{BDE154E6-0C5B-44AA-8DEA-D85DA2E60878}.Release|x64.Build.0 = Release|Any CPU
		{BDE154E6-0C5B-44AA-8DEA-D85DA2E60878}.Release|x86.ActiveCfg = Release|Any CPU
		{BDE154E6-0C5B-44AA-8DEA-D85DA2E60878}.Release|x86.Build.0 = Release|Any CPU
		{161EFD65-408F-4910-A54B-B98C435CE834}.Debug|Any CPU.ActiveCfg = Debug|Any CPU
		{161EFD65-408F-4910-A54B-B98C435CE834}.Debug|Any CPU.Build.0 = Debug|Any CPU
		{161EFD65-408F-4910-A54B-B98C435CE834}.Debug|x64.ActiveCfg = Debug|Any CPU
		{161EFD65-408F-4910-A54B-B98C435CE834}.Debug|x64.Build.0 = Debug|Any CPU
		{161EFD65-408F-4910-A54B-B98C435CE834}.Debug|x86.ActiveCfg = Debug|Any CPU
		{161EFD65-408F-4910-A54B-B98C435CE834}.Debug|x86.Build.0 = Debug|Any CPU
		{161EFD65-408F-4910-A54B-B98C435CE834}.Release|Any CPU.ActiveCfg = Release|Any CPU
		{161EFD65-408F-4910-A54B-B98C435CE834}.Release|Any CPU.Build.0 = Release|Any CPU
		{161EFD65-408F-4910-A54B-B98C435CE834}.Release|x64.ActiveCfg = Release|Any CPU
		{161EFD65-408F-4910-A54B-B98C435CE834}.Release|x64.Build.0 = Release|Any CPU
		{161EFD65-408F-4910-A54B-B98C435CE834}.Release|x86.ActiveCfg = Release|Any CPU
		{161EFD65-408F-4910-A54B-B98C435CE834}.Release|x86.Build.0 = Release|Any CPU
		{16DCF5FB-AC50-4D63-946A-D548FA7DA109}.Debug|Any CPU.ActiveCfg = Debug|Any CPU
		{16DCF5FB-AC50-4D63-946A-D548FA7DA109}.Debug|Any CPU.Build.0 = Debug|Any CPU
		{16DCF5FB-AC50-4D63-946A-D548FA7DA109}.Debug|x64.ActiveCfg = Debug|Any CPU
		{16DCF5FB-AC50-4D63-946A-D548FA7DA109}.Debug|x64.Build.0 = Debug|Any CPU
		{16DCF5FB-AC50-4D63-946A-D548FA7DA109}.Debug|x86.ActiveCfg = Debug|Any CPU
		{16DCF5FB-AC50-4D63-946A-D548FA7DA109}.Debug|x86.Build.0 = Debug|Any CPU
		{16DCF5FB-AC50-4D63-946A-D548FA7DA109}.Release|Any CPU.ActiveCfg = Release|Any CPU
		{16DCF5FB-AC50-4D63-946A-D548FA7DA109}.Release|Any CPU.Build.0 = Release|Any CPU
		{16DCF5FB-AC50-4D63-946A-D548FA7DA109}.Release|x64.ActiveCfg = Release|Any CPU
		{16DCF5FB-AC50-4D63-946A-D548FA7DA109}.Release|x64.Build.0 = Release|Any CPU
		{16DCF5FB-AC50-4D63-946A-D548FA7DA109}.Release|x86.ActiveCfg = Release|Any CPU
		{16DCF5FB-AC50-4D63-946A-D548FA7DA109}.Release|x86.Build.0 = Release|Any CPU
		{65265166-C155-4B0E-8038-9E02DDE4368D}.Debug|Any CPU.ActiveCfg = Debug|Any CPU
		{65265166-C155-4B0E-8038-9E02DDE4368D}.Debug|Any CPU.Build.0 = Debug|Any CPU
		{65265166-C155-4B0E-8038-9E02DDE4368D}.Debug|x64.ActiveCfg = Debug|Any CPU
		{65265166-C155-4B0E-8038-9E02DDE4368D}.Debug|x64.Build.0 = Debug|Any CPU
		{65265166-C155-4B0E-8038-9E02DDE4368D}.Debug|x86.ActiveCfg = Debug|Any CPU
		{65265166-C155-4B0E-8038-9E02DDE4368D}.Debug|x86.Build.0 = Debug|Any CPU
		{65265166-C155-4B0E-8038-9E02DDE4368D}.Release|Any CPU.ActiveCfg = Release|Any CPU
		{65265166-C155-4B0E-8038-9E02DDE4368D}.Release|Any CPU.Build.0 = Release|Any CPU
		{65265166-C155-4B0E-8038-9E02DDE4368D}.Release|x64.ActiveCfg = Release|Any CPU
		{65265166-C155-4B0E-8038-9E02DDE4368D}.Release|x64.Build.0 = Release|Any CPU
		{65265166-C155-4B0E-8038-9E02DDE4368D}.Release|x86.ActiveCfg = Release|Any CPU
		{65265166-C155-4B0E-8038-9E02DDE4368D}.Release|x86.Build.0 = Release|Any CPU
		{E75D4AF6-2D34-4A08-AD51-E524035FC334}.Debug|Any CPU.ActiveCfg = Debug|Any CPU
		{E75D4AF6-2D34-4A08-AD51-E524035FC334}.Debug|Any CPU.Build.0 = Debug|Any CPU
		{E75D4AF6-2D34-4A08-AD51-E524035FC334}.Debug|x64.ActiveCfg = Debug|Any CPU
		{E75D4AF6-2D34-4A08-AD51-E524035FC334}.Debug|x64.Build.0 = Debug|Any CPU
		{E75D4AF6-2D34-4A08-AD51-E524035FC334}.Debug|x86.ActiveCfg = Debug|Any CPU
		{E75D4AF6-2D34-4A08-AD51-E524035FC334}.Debug|x86.Build.0 = Debug|Any CPU
		{E75D4AF6-2D34-4A08-AD51-E524035FC334}.Release|Any CPU.ActiveCfg = Release|Any CPU
		{E75D4AF6-2D34-4A08-AD51-E524035FC334}.Release|Any CPU.Build.0 = Release|Any CPU
		{E75D4AF6-2D34-4A08-AD51-E524035FC334}.Release|x64.ActiveCfg = Release|Any CPU
		{E75D4AF6-2D34-4A08-AD51-E524035FC334}.Release|x64.Build.0 = Release|Any CPU
		{E75D4AF6-2D34-4A08-AD51-E524035FC334}.Release|x86.ActiveCfg = Release|Any CPU
		{E75D4AF6-2D34-4A08-AD51-E524035FC334}.Release|x86.Build.0 = Release|Any CPU
		{91864595-7819-4BCA-8AA9-3AAFDD8CC0A0}.Debug|Any CPU.ActiveCfg = Debug|Any CPU
		{91864595-7819-4BCA-8AA9-3AAFDD8CC0A0}.Debug|Any CPU.Build.0 = Debug|Any CPU
		{91864595-7819-4BCA-8AA9-3AAFDD8CC0A0}.Debug|x64.ActiveCfg = Debug|Any CPU
		{91864595-7819-4BCA-8AA9-3AAFDD8CC0A0}.Debug|x64.Build.0 = Debug|Any CPU
		{91864595-7819-4BCA-8AA9-3AAFDD8CC0A0}.Debug|x86.ActiveCfg = Debug|Any CPU
		{91864595-7819-4BCA-8AA9-3AAFDD8CC0A0}.Debug|x86.Build.0 = Debug|Any CPU
		{91864595-7819-4BCA-8AA9-3AAFDD8CC0A0}.Release|Any CPU.ActiveCfg = Release|Any CPU
		{91864595-7819-4BCA-8AA9-3AAFDD8CC0A0}.Release|Any CPU.Build.0 = Release|Any CPU
		{91864595-7819-4BCA-8AA9-3AAFDD8CC0A0}.Release|x64.ActiveCfg = Release|Any CPU
		{91864595-7819-4BCA-8AA9-3AAFDD8CC0A0}.Release|x64.Build.0 = Release|Any CPU
		{91864595-7819-4BCA-8AA9-3AAFDD8CC0A0}.Release|x86.ActiveCfg = Release|Any CPU
		{91864595-7819-4BCA-8AA9-3AAFDD8CC0A0}.Release|x86.Build.0 = Release|Any CPU
		{96D90680-E4D8-4518-A4CF-BB448738AED5}.Debug|Any CPU.ActiveCfg = Debug|Any CPU
		{96D90680-E4D8-4518-A4CF-BB448738AED5}.Debug|Any CPU.Build.0 = Debug|Any CPU
		{96D90680-E4D8-4518-A4CF-BB448738AED5}.Debug|x64.ActiveCfg = Debug|Any CPU
		{96D90680-E4D8-4518-A4CF-BB448738AED5}.Debug|x64.Build.0 = Debug|Any CPU
		{96D90680-E4D8-4518-A4CF-BB448738AED5}.Debug|x86.ActiveCfg = Debug|Any CPU
		{96D90680-E4D8-4518-A4CF-BB448738AED5}.Debug|x86.Build.0 = Debug|Any CPU
		{96D90680-E4D8-4518-A4CF-BB448738AED5}.Release|Any CPU.ActiveCfg = Release|Any CPU
		{96D90680-E4D8-4518-A4CF-BB448738AED5}.Release|Any CPU.Build.0 = Release|Any CPU
		{96D90680-E4D8-4518-A4CF-BB448738AED5}.Release|x64.ActiveCfg = Release|Any CPU
		{96D90680-E4D8-4518-A4CF-BB448738AED5}.Release|x64.Build.0 = Release|Any CPU
		{96D90680-E4D8-4518-A4CF-BB448738AED5}.Release|x86.ActiveCfg = Release|Any CPU
		{96D90680-E4D8-4518-A4CF-BB448738AED5}.Release|x86.Build.0 = Release|Any CPU
		{A8C203AE-9DC3-4E99-A64E-11EA1F7BD71B}.Debug|Any CPU.ActiveCfg = Debug|Any CPU
		{A8C203AE-9DC3-4E99-A64E-11EA1F7BD71B}.Debug|Any CPU.Build.0 = Debug|Any CPU
		{A8C203AE-9DC3-4E99-A64E-11EA1F7BD71B}.Debug|x64.ActiveCfg = Debug|Any CPU
		{A8C203AE-9DC3-4E99-A64E-11EA1F7BD71B}.Debug|x64.Build.0 = Debug|Any CPU
		{A8C203AE-9DC3-4E99-A64E-11EA1F7BD71B}.Debug|x86.ActiveCfg = Debug|Any CPU
		{A8C203AE-9DC3-4E99-A64E-11EA1F7BD71B}.Debug|x86.Build.0 = Debug|Any CPU
		{A8C203AE-9DC3-4E99-A64E-11EA1F7BD71B}.Release|Any CPU.ActiveCfg = Release|Any CPU
		{A8C203AE-9DC3-4E99-A64E-11EA1F7BD71B}.Release|Any CPU.Build.0 = Release|Any CPU
		{A8C203AE-9DC3-4E99-A64E-11EA1F7BD71B}.Release|x64.ActiveCfg = Release|Any CPU
		{A8C203AE-9DC3-4E99-A64E-11EA1F7BD71B}.Release|x64.Build.0 = Release|Any CPU
		{A8C203AE-9DC3-4E99-A64E-11EA1F7BD71B}.Release|x86.ActiveCfg = Release|Any CPU
		{A8C203AE-9DC3-4E99-A64E-11EA1F7BD71B}.Release|x86.Build.0 = Release|Any CPU
		{5004FC25-3C48-45ED-A3AB-279B6B0C4955}.Debug|Any CPU.ActiveCfg = Debug|Any CPU
		{5004FC25-3C48-45ED-A3AB-279B6B0C4955}.Debug|Any CPU.Build.0 = Debug|Any CPU
		{5004FC25-3C48-45ED-A3AB-279B6B0C4955}.Debug|x64.ActiveCfg = Debug|Any CPU
		{5004FC25-3C48-45ED-A3AB-279B6B0C4955}.Debug|x64.Build.0 = Debug|Any CPU
		{5004FC25-3C48-45ED-A3AB-279B6B0C4955}.Debug|x86.ActiveCfg = Debug|Any CPU
		{5004FC25-3C48-45ED-A3AB-279B6B0C4955}.Debug|x86.Build.0 = Debug|Any CPU
		{5004FC25-3C48-45ED-A3AB-279B6B0C4955}.Release|Any CPU.ActiveCfg = Release|Any CPU
		{5004FC25-3C48-45ED-A3AB-279B6B0C4955}.Release|Any CPU.Build.0 = Release|Any CPU
		{5004FC25-3C48-45ED-A3AB-279B6B0C4955}.Release|x64.ActiveCfg = Release|Any CPU
		{5004FC25-3C48-45ED-A3AB-279B6B0C4955}.Release|x64.Build.0 = Release|Any CPU
		{5004FC25-3C48-45ED-A3AB-279B6B0C4955}.Release|x86.ActiveCfg = Release|Any CPU
		{5004FC25-3C48-45ED-A3AB-279B6B0C4955}.Release|x86.Build.0 = Release|Any CPU
		{2640D718-CC3B-4B67-B2A0-1F5EE6F82813}.Debug|Any CPU.ActiveCfg = Debug|Any CPU
		{2640D718-CC3B-4B67-B2A0-1F5EE6F82813}.Debug|Any CPU.Build.0 = Debug|Any CPU
		{2640D718-CC3B-4B67-B2A0-1F5EE6F82813}.Debug|x64.ActiveCfg = Debug|Any CPU
		{2640D718-CC3B-4B67-B2A0-1F5EE6F82813}.Debug|x64.Build.0 = Debug|Any CPU
		{2640D718-CC3B-4B67-B2A0-1F5EE6F82813}.Debug|x86.ActiveCfg = Debug|Any CPU
		{2640D718-CC3B-4B67-B2A0-1F5EE6F82813}.Debug|x86.Build.0 = Debug|Any CPU
		{2640D718-CC3B-4B67-B2A0-1F5EE6F82813}.Release|Any CPU.ActiveCfg = Release|Any CPU
		{2640D718-CC3B-4B67-B2A0-1F5EE6F82813}.Release|Any CPU.Build.0 = Release|Any CPU
		{2640D718-CC3B-4B67-B2A0-1F5EE6F82813}.Release|x64.ActiveCfg = Release|Any CPU
		{2640D718-CC3B-4B67-B2A0-1F5EE6F82813}.Release|x64.Build.0 = Release|Any CPU
		{2640D718-CC3B-4B67-B2A0-1F5EE6F82813}.Release|x86.ActiveCfg = Release|Any CPU
		{2640D718-CC3B-4B67-B2A0-1F5EE6F82813}.Release|x86.Build.0 = Release|Any CPU
	EndGlobalSection
	GlobalSection(SolutionProperties) = preSolution
		HideSolutionNode = FALSE
	EndGlobalSection
EndGlobal
